{
  "# `kettle/test/rspec` installs harness helpers documented in spec/README.md.\n# `kettle/test/rspec` installs harness helpers documented in spec/README.md.": [
    {
      "file": "spec/spec_helper.rb",
      "lines": [
        13,
        14
      ]
    }
  ],
  "// Use 'forwardPorts' to make a list of ports inside the container available locally.\n// \"forwardPorts\": [],": [
    {
      "file": ".devcontainer/devcontainer.json",
      "lines": [
        11,
        22
      ]
    }
  ],
  "direct: undrive_google.gemspec\nmodular: gemfiles/modular/injected.gemfile": [
    {
      "file": ".structuredmerge/kettle-jem.yml",
      "lines": [
        95,
        100,
        105,
        110,
        115,
        120,
        125,
        130
      ]
    }
  ],
  "modular: gemfiles/modular/injected.gemfile\naction: keep_both": [
    {
      "file": ".structuredmerge/kettle-jem.yml",
      "lines": [
        96,
        101,
        116,
        121,
        126,
        131
      ]
    }
  ],
  "modular: gemfiles/modular/injected.gemfile\naction: remove_modular_gem": [
    {
      "file": ".structuredmerge/kettle-jem.yml",
      "lines": [
        106,
        111
      ]
    }
  ]
}
