{
  "// Use 'forwardPorts' to make a list of ports inside the container available locally.\n// \"forwardPorts\": [],": [
    {
      "file": ".devcontainer/devcontainer.json",
      "lines": [
        11,
        22
      ]
    }
  ],
  "direct: undrive_google.gemspec\nmodular: gemfiles/modular/injected.gemfile": [
    {
      "file": ".structuredmerge/kettle-jem.yml",
      "lines": [
        110,
        115,
        120,
        125,
        130,
        135,
        140,
        145
      ]
    }
  ],
  "modular: gemfiles/modular/injected.gemfile\naction: keep_both": [
    {
      "file": ".structuredmerge/kettle-jem.yml",
      "lines": [
        111,
        116,
        131,
        136,
        141,
        146
      ]
    }
  ],
  "modular: gemfiles/modular/injected.gemfile\naction: remove_modular_gem": [
    {
      "file": ".structuredmerge/kettle-jem.yml",
      "lines": [
        121,
        126
      ]
    }
  ]
}
