{
  "// Use 'forwardPorts' to make a list of ports inside the container available locally.\n// \"forwardPorts\": [],": [
    {
      "file": ".devcontainer/devcontainer.json",
      "lines": [
        11,
        22
      ]
    }
  ],
  "direct: undrive_google.gemspec\nmodular: gemfiles/modular/injected.gemfile": [
    {
      "file": ".structuredmerge/kettle-jem.yml",
      "lines": [
        97,
        102,
        107,
        112,
        117,
        122,
        127,
        132
      ]
    }
  ],
  "modular: gemfiles/modular/injected.gemfile\naction: keep_both": [
    {
      "file": ".structuredmerge/kettle-jem.yml",
      "lines": [
        98,
        103,
        118,
        123,
        128,
        133
      ]
    }
  ],
  "modular: gemfiles/modular/injected.gemfile\naction: remove_modular_gem": [
    {
      "file": ".structuredmerge/kettle-jem.yml",
      "lines": [
        108,
        113
      ]
    }
  ]
}
